
Microsoft Visual Studio Solution File, Format Version 12.00
# Visual Studio Version 17
VisualStudioVersion = 17.0.31912.275
MinimumVisualStudioVersion = 10.0.40219.1
Project("{FAE04EC0-301F-11D3-BF4B-00C04F79EFBC}") = "PhysioCenter", "PhysioCenter\PhysioCenter.csproj", "{82FB2BD0-563C-4098-B1CA-08EC8C4C066C}"
EndProject
Global
	GlobalSection(SolutionConfigurationPlatforms) = preSolution
		Debug|Any CPU = Debug|Any CPU
		Release|Any CPU = Release|Any CPU
	EndGlobalSection
	GlobalSection(ProjectConfigurationPlatforms) = postSolution
		{82FB2BD0-563C-4098-B1CA-08EC8C4C066C}.Debug|Any CPU.ActiveCfg = Debug|Any CPU
		{82FB2BD0-563C-4098-B1CA-08EC8C4C066C}.Debug|Any CPU.Build.0 = Debug|Any CPU
		{82FB2BD0-563C-4098-B1CA-08EC8C4C066C}.Release|Any CPU.ActiveCfg = Release|Any CPU
		{82FB2BD0-563C-4098-B1CA-08EC8C4C066C}.Release|Any CPU.Build.0 = Release|Any CPU
	EndGlobalSection
	GlobalSection(SolutionProperties) = preSolution
		HideSolutionNode = FALSE
	EndGlobalSection
	GlobalSection(ExtensibilityGlobals) = postSolution
		SolutionGuid = {D2998C7E-BBAC-4F43-BFE4-602C6026DF10}
	EndGlobalSection
EndGlobal
